
Microsoft Visual Studio Solution File, Format Version 12.00
# Visual Studio Version 16
VisualStudioVersion = 16.0.29123.88
MinimumVisualStudioVersion = 10.0.40219.1
Project("{9A19103F-16F7-4668-BE54-9A1E7A4F7556}") = "Xplicity Holidays", "Xplicity Holidays\Xplicity Holidays.csproj", "{2DD78246-3FFB-42FA-A46D-B3D811134CE4}"
EndProject
Project("{9A19103F-16F7-4668-BE54-9A1E7A4F7556}") = "Tests", "Tests\Tests.csproj", "{C0230724-9E96-41D7-A8A1-FBEE9469CD0D}"
EndProject
Global
	GlobalSection(SolutionConfigurationPlatforms) = preSolution
		Debug|Any CPU = Debug|Any CPU
		Release|Any CPU = Release|Any CPU
	EndGlobalSection
	GlobalSection(ProjectConfigurationPlatforms) = postSolution
		{2DD78246-3FFB-42FA-A46D-B3D811134CE4}.Debug|Any CPU.ActiveCfg = Debug|Any CPU
		{2DD78246-3FFB-42FA-A46D-B3D811134CE4}.Debug|Any CPU.Build.0 = Debug|Any CPU
		{2DD78246-3FFB-42FA-A46D-B3D811134CE4}.Release|Any CPU.ActiveCfg = Release|Any CPU
		{2DD78246-3FFB-42FA-A46D-B3D811134CE4}.Release|Any CPU.Build.0 = Release|Any CPU
		{C0230724-9E96-41D7-A8A1-FBEE9469CD0D}.Debug|Any CPU.ActiveCfg = Debug|Any CPU
		{C0230724-9E96-41D7-A8A1-FBEE9469CD0D}.Debug|Any CPU.Build.0 = Debug|Any CPU
		{C0230724-9E96-41D7-A8A1-FBEE9469CD0D}.Release|Any CPU.ActiveCfg = Release|Any CPU
		{C0230724-9E96-41D7-A8A1-FBEE9469CD0D}.Release|Any CPU.Build.0 = Release|Any CPU
	EndGlobalSection
	GlobalSection(SolutionProperties) = preSolution
		HideSolutionNode = FALSE
	EndGlobalSection
	GlobalSection(ExtensibilityGlobals) = postSolution
		SolutionGuid = {819D313F-2A80-455E-BBEE-69BED4A146A1}
	EndGlobalSection
EndGlobal
